
Microsoft Visual Studio Solution File, Format Version 12.00
# Visual Studio Version 17
VisualStudioVersion = 17.8.34330.188
MinimumVisualStudioVersion = 10.0.40219.1
Project("{FAE04EC0-301F-11D3-BF4B-00C04F79EFBC}") = "BulkyWeb", "BulkyWeb\BulkyWeb.csproj", "{94CD9461-5637-4B57-98E8-02B57A1D0475}"
EndProject
Global
	GlobalSection(SolutionConfigurationPlatforms) = preSolution
		Debug|Any CPU = Debug|Any CPU
		Release|Any CPU = Release|Any CPU
	EndGlobalSection
	GlobalSection(ProjectConfigurationPlatforms) = postSolution
		{94CD9461-5637-4B57-98E8-02B57A1D0475}.Debug|Any CPU.ActiveCfg = Debug|Any CPU
		{94CD9461-5637-4B57-98E8-02B57A1D0475}.Debug|Any CPU.Build.0 = Debug|Any CPU
		{94CD9461-5637-4B57-98E8-02B57A1D0475}.Release|Any CPU.ActiveCfg = Release|Any CPU
		{94CD9461-5637-4B57-98E8-02B57A1D0475}.Release|Any CPU.Build.0 = Release|Any CPU
	EndGlobalSection
	GlobalSection(SolutionProperties) = preSolution
		HideSolutionNode = FALSE
	EndGlobalSection
	GlobalSection(ExtensibilityGlobals) = postSolution
		SolutionGuid = {898C268C-AB24-4160-8383-5513C78FFC9C}
	EndGlobalSection
EndGlobal
